
Microsoft Visual Studio Solution File, Format Version 12.00
# Visual Studio Version 17
VisualStudioVersion = 17.7.34202.233
MinimumVisualStudioVersion = 10.0.40219.1
Project("{8BC9CEB8-8B4A-11D0-8D11-00A0C91BC942}") = "Queue2", "Queue2\Queue2.vcxproj", "{8FA6EE89-CD30-4540-8C9B-0044923AA98F}"
EndProject
Project("{2150E333-8FDC-42A3-9474-1A3956D46DE8}") = "Solution Items", "Solution Items", "{932AC232-0702-4528-BB48-D9210CB503E4}"
	ProjectSection(SolutionItems) = preProject
		.gitignore = .gitignore
	EndProjectSection
EndProject
Global
	GlobalSection(SolutionConfigurationPlatforms) = preSolution
		Debug|x64 = Debug|x64
		Debug|x86 = Debug|x86
		Release|x64 = Release|x64
		Release|x86 = Release|x86
	EndGlobalSection
	GlobalSection(ProjectConfigurationPlatforms) = postSolution
		{8FA6EE89-CD30-4540-8C9B-0044923AA98F}.Debug|x64.ActiveCfg = Debug|x64
		{8FA6EE89-CD30-4540-8C9B-0044923AA98F}.Debug|x64.Build.0 = Debug|x64
		{8FA6EE89-CD30-4540-8C9B-0044923AA98F}.Debug|x86.ActiveCfg = Debug|Win32
		{8FA6EE89-CD30-4540-8C9B-0044923AA98F}.Debug|x86.Build.0 = Debug|Win32
		{8FA6EE89-CD30-4540-8C9B-0044923AA98F}.Release|x64.ActiveCfg = Release|x64
		{8FA6EE89-CD30-4540-8C9B-0044923AA98F}.Release|x64.Build.0 = Release|x64
		{8FA6EE89-CD30-4540-8C9B-0044923AA98F}.Release|x86.ActiveCfg = Release|Win32
		{8FA6EE89-CD30-4540-8C9B-0044923AA98F}.Release|x86.Build.0 = Release|Win32
	EndGlobalSection
	GlobalSection(SolutionProperties) = preSolution
		HideSolutionNode = FALSE
	EndGlobalSection
	GlobalSection(ExtensibilityGlobals) = postSolution
		SolutionGuid = {1F40B2AC-CCD7-4154-B210-C5386654EE30}
	EndGlobalSection
EndGlobal
